// !$*UTF8*$!
{
	archiveVersion = 1;
	classes = {
	};
	objectVersion = 46;
	objects = {

/* Begin PBXBuildFile section */
		C175771D1FDEDACA0049340B /* AppDelegate.swift in Sources */ = {isa = PBXBuildFile; fileRef = C175771C1FDEDACA0049340B /* AppDelegate.swift */; };
		C175771F1FDEDACA0049340B /* ViewController.swift in Sources */ = {isa = PBXBuildFile; fileRef = C175771E1FDEDACA0049340B /* ViewController.swift */; };
		C17577221FDEDACA0049340B /* Main.storyboard in Resources */ = {isa = PBXBuildFile; fileRef = C17577201FDEDACA0049340B /* Main.storyboard */; };
		C17577241FDEDACA0049340B /* Assets.xcassets in Resources */ = {isa = PBXBuildFile; fileRef = C17577231FDEDACA0049340B /* Assets.xcassets */; };
		C17577271FDEDACA0049340B /* LaunchScreen.storyboard in Resources */ = {isa = PBXBuildFile; fileRef = C17577251FDEDACA0049340B /* LaunchScreen.storyboard */; };
		C17577321FDEDACA0049340B /* SmittenRandomizerTests.swift in Sources */ = {isa = PBXBuildFile; fileRef = C17577311FDEDACA0049340B /* SmittenRandomizerTests.swift */; };
/* End PBXBuildFile section */

/* Begin PBXContainerItemProxy section */
		C175772E1FDEDACA0049340B /* PBXContainerItemProxy */ = {
			isa = PBXContainerItemProxy;
			containerPortal = C17577111FDEDACA0049340B /* Project object */;
			proxyType = 1;
			remoteGlobalIDString = C17577181FDEDACA0049340B;
			remoteInfo = SmittenRandomizer;
		};
/* End PBXContainerItemProxy section */

/* Begin PBXFileReference section */
		C17577191FDEDACA0049340B /* SmittenRandomizer.app */ = {isa = PBXFileReference; explicitFileType = wrapper.application; includeInIndex = 0; path = SmittenRandomizer.app; sourceTree = BUILT_PRODUCTS_DIR; };
		C175771C1FDEDACA0049340B /* AppDelegate.swift */ = {isa = PBXFileReference; lastKnownFileType = sourcecode.swift; path = AppDelegate.swift; sourceTree = "<group>"; };
		C175771E1FDEDACA0049340B /* ViewController.swift */ = {isa = PBXFileReference; lastKnownFileType = sourcecode.swift; path = ViewController.swift; sourceTree = "<group>"; };
		C17577211FDEDACA0049340B /* Base */ = {isa = PBXFileReference; lastKnownFileType = file.storyboard; name = Base; path = Base.lproj/Main.storyboard; sourceTree = "<group>"; };
		C17577231FDEDACA0049340B /* Assets.xcassets */ = {isa = PBXFileReference; lastKnownFileType = folder.assetcatalog; path = Assets.xcassets; sourceTree = "<group>"; };
		C17577261FDEDACA0049340B /* Base */ = {isa = PBXFileReference; lastKnownFileType = file.storyboard; name = Base; path = Base.lproj/LaunchScreen.storyboard; sourceTree = "<group>"; };
		C17577281FDEDACA0049340B /* Info.plist */ = {isa = PBXFileReference; lastKnownFileType = text.plist.xml; path = Info.plist; sourceTree = "<group>"; };
		C175772D1FDEDACA0049340B /* SmittenRandomizerTests.xctest */ = {isa = PBXFileReference; explicitFileType = wrapper.cfbundle; includeInIndex = 0; path = SmittenRandomizerTests.xctest; sourceTree = BUILT_PRODUCTS_DIR; };
		C17577311FDEDACA0049340B /* SmittenRandomizerTests.swift */ = {isa = PBXFileReference; lastKnownFileType = sourcecode.swift; path = SmittenRandomizerTests.swift; sourceTree = "<group>"; };
		C17577331FDEDACA0049340B /* Info.plist */ = {isa = PBXFileReference; lastKnownFileType = text.plist.xml; path = Info.plist; sourceTree = "<group>"; };
/* End PBXFileReference section */

/* Begin PBXFrameworksBuildPhase section */
		C17577161FDEDACA0049340B /* Frameworks */ = {
			isa = PBXFrameworksBuildPhase;
			buildActionMask = 2147483647;
			files = (
			);
			runOnlyForDeploymentPostprocessing = 0;
		};
		C175772A1FDEDACA0049340B /* Frameworks */ = {
			isa = PBXFrameworksBuildPhase;
			buildActionMask = 2147483647;
			files = (
			);
			runOnlyForDeploymentPostprocessing = 0;
		};
/* End PBXFrameworksBuildPhase section */

/* Begin PBXGroup section */
		C17577101FDEDACA0049340B = {
			isa = PBXGroup;
			children = (
				C175771B1FDEDACA0049340B /* SmittenRandomizer */,
				C17577301FDEDACA0049340B /* SmittenRandomizerTests */,
				C175771A1FDEDACA0049340B /* Products */,
			);
			sourceTree = "<group>";
		};
		C175771A1FDEDACA0049340B /* Products */ = {
			isa = PBXGroup;
			children = (
				C17577191FDEDACA0049340B /* SmittenRandomizer.app */,
				C175772D1FDEDACA0049340B /* SmittenRandomizerTests.xctest */,
			);
			name = Products;
			sourceTree = "<group>";
		};
		C175771B1FDEDACA0049340B /* SmittenRandomizer */ = {
			isa = PBXGroup;
			children = (
				C175771C1FDEDACA0049340B /* AppDelegate.swift */,
				C175771E1FDEDACA0049340B /* ViewController.swift */,
				C17577201FDEDACA0049340B /* Main.storyboard */,
				C17577231FDEDACA0049340B /* Assets.xcassets */,
				C17577251FDEDACA0049340B /* LaunchScreen.storyboard */,
				C17577281FDEDACA0049340B /* Info.plist */,
			);
			path = SmittenRandomizer;
			sourceTree = "<group>";
		};
		C17577301FDEDACA0049340B /* SmittenRandomizerTests */ = {
			isa = PBXGroup;
			children = (
				C17577311FDEDACA0049340B /* SmittenRandomizerTests.swift */,
				C17577331FDEDACA0049340B /* Info.plist */,
			);
			path = SmittenRandomizerTests;
			sourceTree = "<group>";
		};
/* End PBXGroup section */

/* Begin PBXNativeTarget section */
		C17577181FDEDACA0049340B /* SmittenRandomizer */ = {
			isa = PBXNativeTarget;
			buildConfigurationList = C17577361FDEDACA0049340B /* Build configuration list for PBXNativeTarget "SmittenRandomizer" */;
			buildPhases = (
				C17577151FDEDACA0049340B /* Sources */,
				C17577161FDEDACA0049340B /* Frameworks */,
				C17577171FDEDACA0049340B /* Resources */,
			);
			buildRules = (
			);
			dependencies = (
			);
			name = SmittenRandomizer;
			productName = SmittenRandomizer;
			productReference = C17577191FDEDACA0049340B /* SmittenRandomizer.app */;
			productType = "com.apple.product-type.application";
		};
		C175772C1FDEDACA0049340B /* SmittenRandomizerTests */ = {
			isa = PBXNativeTarget;
			buildConfigurationList = C17577391FDEDACA0049340B /* Build configuration list for PBXNativeTarget "SmittenRandomizerTests" */;
			buildPhases = (
				C17577291FDEDACA0049340B /* Sources */,
				C175772A1FDEDACA0049340B /* Frameworks */,
				C175772B1FDEDACA0049340B /* Resources */,
			);
			buildRules = (
			);
			dependencies = (
				C175772F1FDEDACA0049340B /* PBXTargetDependency */,
			);
			name = SmittenRandomizerTests;
			productName = SmittenRandomizerTests;
			productReference = C175772D1FDEDACA0049340B /* SmittenRandomizerTests.xctest */;
			productType = "com.apple.product-type.bundle.unit-test";
		};
/* End PBXNativeTarget section */

/* Begin PBXProject section */
		C17577111FDEDACA0049340B /* Project object */ = {
			isa = PBXProject;
			attributes = {
				LastSwiftUpdateCheck = 0830;
				LastUpgradeCheck = 0830;
				ORGANIZATIONNAME = "Daniel Huber";
				TargetAttributes = {
					C17577181FDEDACA0049340B = {
						CreatedOnToolsVersion = 8.3.3;
						ProvisioningStyle = Automatic;
					};
					C175772C1FDEDACA0049340B = {
						CreatedOnToolsVersion = 8.3.3;
						ProvisioningStyle = Automatic;
						TestTargetID = C17577181FDEDACA0049340B;
					};
				};
			};
			buildConfigurationList = C17577141FDEDACA0049340B /* Build configuration list for PBXProject "SmittenRandomizer" */;
			compatibilityVersion = "Xcode 3.2";
			developmentRegion = English;
			hasScannedForEncodings = 0;
			knownRegions = (
				en,
				Base,
			);
			mainGroup = C17577101FDEDACA0049340B;
			productRefGroup = C175771A1FDEDACA0049340B /* Products */;
			projectDirPath = "";
			projectRoot = "";
			targets = (
				C17577181FDEDACA0049340B /* SmittenRandomizer */,
				C175772C1FDEDACA0049340B /* SmittenRandomizerTests */,
			);
		};
/* End PBXProject section */

/* Begin PBXResourcesBuildPhase section */
		C17577171FDEDACA0049340B /* Resources */ = {
			isa = PBXResourcesBuildPhase;
			buildActionMask = 2147483647;
			files = (
				C17577271FDEDACA0049340B /* LaunchScreen.storyboard in Resources */,
				C17577241FDEDACA0049340B /* Assets.xcassets in Resources */,
				C17577221FDEDACA0049340B /* Main.storyboard in Resources */,
			);
			runOnlyForDeploymentPostprocessing = 0;
		};
		C175772B1FDEDACA0049340B /* Resources */ = {
			isa = PBXResourcesBuildPhase;
			buildActionMask = 2147483647;
			files = (
			);
			runOnlyForDeploymentPostprocessing = 0;
		};
/* End PBXResourcesBuildPhase section */

/* Begin PBXSourcesBuildPhase section */
		C17577151FDEDACA0049340B /* Sources */ = {
			isa = PBXSourcesBuildPhase;
			buildActionMask = 2147483647;
			files = (
				C175771F1FDEDACA0049340B /* ViewController.swift in Sources */,
				C175771D1FDEDACA0049340B /* AppDelegate.swift in Sources */,
			);
			runOnlyForDeploymentPostprocessing = 0;
		};
		C17577291FDEDACA0049340B /* Sources */ = {
			isa = PBXSourcesBuildPhase;
			buildActionMask = 2147483647;
			files = (
				C17577321FDEDACA0049340B /* SmittenRandomizerTests.swift in Sources */,
			);
			runOnlyForDeploymentPostprocessing = 0;
		};
/* End PBXSourcesBuildPhase section */

/* Begin PBXTargetDependency section */
		C175772F1FDEDACA0049340B /* PBXTargetDependency */ = {
			isa = PBXTargetDependency;
			target = C17577181FDEDACA0049340B /* SmittenRandomizer */;
			targetProxy = C175772E1FDEDACA0049340B /* PBXContainerItemProxy */;
		};
/* End PBXTargetDependency section */

/* Begin PBXVariantGroup section */
		C17577201FDEDACA0049340B /* Main.storyboard */ = {
			isa = PBXVariantGroup;
			children = (
				C17577211FDEDACA0049340B /* Base */,
			);
			name = Main.storyboard;
			sourceTree = "<group>";
		};
		C17577251FDEDACA0049340B /* LaunchScreen.storyboard */ = {
			isa = PBXVariantGroup;
			children = (
				C17577261FDEDACA0049340B /* Base */,
			);
			name = LaunchScreen.storyboard;
			sourceTree = "<group>";
		};
/* End PBXVariantGroup section */

/* Begin XCBuildConfiguration section */
		C17577341FDEDACA0049340B /* Debug */ = {
			isa = XCBuildConfiguration;
			buildSettings = {
				ALWAYS_SEARCH_USER_PATHS = NO;
				CLANG_ANALYZER_NONNULL = YES;
				CLANG_ANALYZER_NUMBER_OBJECT_CONVERSION = YES_AGGRESSIVE;
				CLANG_CXX_LANGUAGE_STANDARD = "gnu++0x";
				CLANG_CXX_LIBRARY = "libc++";
				CLANG_ENABLE_MODULES = YES;
				CLANG_ENABLE_OBJC_ARC = YES;
				CLANG_WARN_BOOL_CONVERSION = YES;
				CLANG_WARN_CONSTANT_CONVERSION = YES;
				CLANG_WARN_DIRECT_OBJC_ISA_USAGE = YES_ERROR;
				CLANG_WARN_DOCUMENTATION_COMMENTS = YES;
				CLANG_WARN_EMPTY_BODY = YES;
				CLANG_WARN_ENUM_CONVERSION = YES;
				CLANG_WARN_INFINITE_RECURSION = YES;
				CLANG_WARN_INT_CONVERSION = YES;
				CLANG_WARN_OBJC_ROOT_CLASS = YES_ERROR;
				CLANG_WARN_SUSPICIOUS_MOVE = YES;
				CLANG_WARN_UNREACHABLE_CODE = YES;
				CLANG_WARN__DUPLICATE_METHOD_MATCH = YES;
				"CODE_SIGN_IDENTITY[sdk=iphoneos*]" = "iPhone Developer";
				COPY_PHASE_STRIP = NO;
				DEBUG_INFORMATION_FORMAT = dwarf;
				ENABLE_STRICT_OBJC_MSGSEND = YES;
				ENABLE_TESTABILITY = YES;
				GCC_C_LANGUAGE_STANDARD = gnu99;
				GCC_DYNAMIC_NO_PIC = NO;
				GCC_NO_COMMON_BLOCKS = YES;
				GCC_OPTIMIZATION_LEVEL = 0;
				GCC_PREPROCESSOR_DEFINITIONS = (
					"DEBUG=1",
					"$(inherited)",
				);
				GCC_WARN_64_TO_32_BIT_CONVERSION = YES;
				GCC_WARN_ABOUT_RETURN_TYPE = YES_ERROR;
				GCC_WARN_UNDECLARED_SELECTOR = YES;
				GCC_WARN_UNINITIALIZED_AUTOS = YES_AGGRESSIVE;
				GCC_WARN_UNUSED_FUNCTION = YES;
				GCC_WARN_UNUSED_VARIABLE = YES;
				IPHONEOS_DEPLOYMENT_TARGET = 10.3;
				MTL_ENABLE_DEBUG_INFO = YES;
				ONLY_ACTIVE_ARCH = YES;
				SDKROOT = iphoneos;
				SWIFT_ACTIVE_COMPILATION_CONDITIONS = DEBUG;
				SWIFT_OPTIMIZATION_LEVEL = "-Onone";
				TARGETED_DEVICE_FAMILY = "1,2";
			};
			name = Debug;
		};
		C17577351FDEDACA0049340B /* Release */ = {
			isa = XCBuildConfiguration;
			buildSettings = {
				ALWAYS_SEARCH_USER_PATHS = NO;
				CLANG_ANALYZER_NONNULL = YES;
				CLANG_ANALYZER_NUMBER_OBJECT_CONVERSION = YES_AGGRESSIVE;
				CLANG_CXX_LANGUAGE_STANDARD = "gnu++0x";
				CLANG_CXX_LIBRARY = "libc++";
				CLANG_ENABLE_MODULES = YES;
				CLANG_ENABLE_OBJC_ARC = YES;
				CLANG_WARN_BOOL_CONVERSION = YES;
				CLANG_WARN_CONSTANT_CONVERSION = YES;
				CLANG_WARN_DIRECT_OBJC_ISA_USAGE = YES_ERROR;
				CLANG_WARN_DOCUMENTATION_COMMENTS = YES;
				CLANG_WARN_EMPTY_BODY = YES;
				CLANG_WARN_ENUM_CONVERSION = YES;
				CLANG_WARN_INFINITE_RECURSION = YES;
				CLANG_WARN_INT_CONVERSION = YES;
				CLANG_WARN_OBJC_ROOT_CLASS = YES_ERROR;
				CLANG_WARN_SUSPICIOUS_MOVE = YES;
				CLANG_WARN_UNREACHABLE_CODE = YES;
				CLANG_WARN__DUPLICATE_METHOD_MATCH = YES;
				"CODE_SIGN_IDENTITY[sdk=iphoneos*]" = "iPhone Developer";
				COPY_PHASE_STRIP = NO;
				DEBUG_INFORMATION_FORMAT = "dwarf-with-dsym";
				ENABLE_NS_ASSERTIONS = NO;
				ENABLE_STRICT_OBJC_MSGSEND = YES;
				GCC_C_LANGUAGE_STANDARD = gnu99;
				GCC_NO_COMMON_BLOCKS = YES;
				GCC_WARN_64_TO_32_BIT_CONVERSION = YES;
				GCC_WARN_ABOUT_RETURN_TYPE = YES_ERROR;
				GCC_WARN_UNDECLARED_SELECTOR = YES;
				GCC_WARN_UNINITIALIZED_AUTOS = YES_AGGRESSIVE;
				GCC_WARN_UNUSED_FUNCTION = YES;
				GCC_WARN_UNUSED_VARIABLE = YES;
				IPHONEOS_DEPLOYMENT_TARGET = 10.3;
				MTL_ENABLE_DEBUG_INFO = NO;
				SDKROOT = iphoneos;
				SWIFT_OPTIMIZATION_LEVEL = "-Owholemodule";
				TARGETED_DEVICE_FAMILY = "1,2";
				VALIDATE_PRODUCT = YES;
			};
			name = Release;
		};
		C17577371FDEDACA0049340B /* Debug */ = {
			isa = XCBuildConfiguration;
			buildSettings = {
				ASSETCATALOG_COMPILER_APPICON_NAME = AppIcon;
				INFOPLIST_FILE = SmittenRandomizer/Info.plist;
				LD_RUNPATH_SEARCH_PATHS = "$(inherited) @executable_path/Frameworks";
				PRODUCT_BUNDLE_IDENTIFIER = com.example.SmittenRandomizer;
				PRODUCT_NAME = "$(TARGET_NAME)";
				SWIFT_VERSION = 3.0;
			};
			name = Debug;
		};
		C17577381FDEDACA0049340B /* Release */ = {
			isa = XCBuildConfiguration;
			buildSettings = {
				ASSETCATALOG_COMPILER_APPICON_NAME = AppIcon;
				INFOPLIST_FILE = SmittenRandomizer/Info.plist;
				LD_RUNPATH_SEARCH_PATHS = "$(inherited) @executable_path/Frameworks";
				PRODUCT_BUNDLE_IDENTIFIER = com.example.SmittenRandomizer;
				PRODUCT_NAME = "$(TARGET_NAME)";
				SWIFT_VERSION = 3.0;
			};
			name = Release;
		};
		C175773A1FDEDACA0049340B /* Debug */ = {
			isa = XCBuildConfiguration;
			buildSettings = {
				ALWAYS_EMBED_SWIFT_STANDARD_LIBRARIES = YES;
				BUNDLE_LOADER = "$(TEST_HOST)";
				INFOPLIST_FILE = SmittenRandomizerTests/Info.plist;
				LD_RUNPATH_SEARCH_PATHS = "$(inherited) @executable_path/Frameworks @loader_path/Frameworks";
				PRODUCT_BUNDLE_IDENTIFIER = com.example.SmittenRandomizerTests;
				PRODUCT_NAME = "$(TARGET_NAME)";
				SWIFT_VERSION = 3.0;
				TEST_HOST = "$(BUILT_PRODUCTS_DIR)/SmittenRandomizer.app/SmittenRandomizer";
			};
			name = Debug;
		};
		C175773B1FDEDACA0049340B /* Release */ = {
			isa = XCBuildConfiguration;
			buildSettings = {
				ALWAYS_EMBED_SWIFT_STANDARD_LIBRARIES = YES;
				BUNDLE_LOADER = "$(TEST_HOST)";
				INFOPLIST_FILE = SmittenRandomizerTests/Info.plist;
				LD_RUNPATH_SEARCH_PATHS = "$(inherited) @executable_path/Frameworks @loader_path/Frameworks";
				PRODUCT_BUNDLE_IDENTIFIER = com.example.SmittenRandomizerTests;
				PRODUCT_NAME = "$(TARGET_NAME)";
				SWIFT_VERSION = 3.0;
				TEST_HOST = "$(BUILT_PRODUCTS_DIR)/SmittenRandomizer.app/SmittenRandomizer";
			};
			name = Release;
		};
/* End XCBuildConfiguration section */

/* Begin XCConfigurationList section */
		C17577141FDEDACA0049340B /* Build configuration list for PBXProject "SmittenRandomizer" */ = {
			isa = XCConfigurationList;
			buildConfigurations = (
				C17577341FDEDACA0049340B /* Debug */,
				C17577351FDEDACA0049340B /* Release */,
			);
			defaultConfigurationIsVisible = 0;
			defaultConfigurationName = Release;
		};
		C17577361FDEDACA0049340B /* Build configuration list for PBXNativeTarget "SmittenRandomizer" */ = {
			isa = XCConfigurationList;
			buildConfigurations = (
				C17577371FDEDACA0049340B /* Debug */,
				C17577381FDEDACA0049340B /* Release */,
			);
			defaultConfigurationIsVisible = 0;
		};
		C17577391FDEDACA0049340B /* Build configuration list for PBXNativeTarget "SmittenRandomizerTests" */ = {
			isa = XCConfigurationList;
			buildConfigurations = (
				C175773A1FDEDACA0049340B /* Debug */,
				C175773B1FDEDACA0049340B /* Release */,
			);
			defaultConfigurationIsVisible = 0;
		};
/* End XCConfigurationList section */
	};
	rootObject = C17577111FDEDACA0049340B /* Project object */;
}
